// !$*UTF8*$!
{
	archiveVersion = 1;
	classes = {
	};
	objectVersion = 77;
	objects = {

/* Begin PBXBuildFile section */
		0270E495101627F07F38DEFD /* bridge.js in Resources */ = {isa = PBXBuildFile; fileRef = 55E719791DB19EC8F970052F /* bridge.js */; };
		101E62F8F618D797DE7D8A79 /* SpotsView.swift in Sources */ = {isa = PBXBuildFile; fileRef = 3B94935B2AF95D0C01D28A16 /* SpotsView.swift */; };
		1A6425EBA1B51B6757BE037A /* StatsView.swift in Sources */ = {isa = PBXBuildFile; fileRef = A65E72176932BC41F4D9511B /* StatsView.swift */; };
		1BDB74FCEE5A41AAEFA461B1 /* ContentView.swift in Sources */ = {isa = PBXBuildFile; fileRef = 480D1466EE27E0ED9856830F /* ContentView.swift */; };
		32A4AE7C16C0F15CB2C7BDCF /* SettingsTabView.swift in Sources */ = {isa = PBXBuildFile; fileRef = 67287F1B0E3AF78F5DADA94E /* SettingsTabView.swift */; };
		3C7880EF18D619D869A71FB8 /* Components.swift in Sources */ = {isa = PBXBuildFile; fileRef = CCDF5AA38D6F3892B5CE3FD5 /* Components.swift */; };
		41337B78CB978A48FF231412 /* Theme.swift in Sources */ = {isa = PBXBuildFile; fileRef = BFFD93D4794303DE4C12D9C1 /* Theme.swift */; };
		6C6B21C52597C3483EB870BE /* LocationTracker.swift in Sources */ = {isa = PBXBuildFile; fileRef = 2B265591EC8C616961E202E3 /* LocationTracker.swift */; };
		6F24995CF094F31AD51BCF97 /* TutorialManager.swift in Sources */ = {isa = PBXBuildFile; fileRef = AD71B3CFCB55976604B09A98 /* TutorialManager.swift */; };
		78C2135CB854562C7540C15B /* AppState.swift in Sources */ = {isa = PBXBuildFile; fileRef = 14D72A54E116EB0DBB027DE8 /* AppState.swift */; };
		7AE0FB1E22D2B8B67169153B /* LogView.swift in Sources */ = {isa = PBXBuildFile; fileRef = 22F0C4AAF4A439963031D903 /* LogView.swift */; };
		89F82DA08F4C6840AD173535 /* Models.swift in Sources */ = {isa = PBXBuildFile; fileRef = 70575D455AF60DD7C4697B2C /* Models.swift */; };
		8B122D852662BF9EBB159D45 /* MeterApp.swift in Sources */ = {isa = PBXBuildFile; fileRef = 27412859649A7A8673A20DE7 /* MeterApp.swift */; };
		B5BE2042A97E7E79728FAA4F /* meter.html in Resources */ = {isa = PBXBuildFile; fileRef = B8D1B9A13E6642F2E63654C9 /* meter.html */; };
		C37C87CF0E6A14C36C089221 /* DecideView.swift in Sources */ = {isa = PBXBuildFile; fileRef = B786D69E23A7BF0A634CFC0F /* DecideView.swift */; };
		DC86CBA0A194B8D0166554C3 /* TutorialOverlay.swift in Sources */ = {isa = PBXBuildFile; fileRef = BB625AD59778273F013D14D8 /* TutorialOverlay.swift */; };
		E5473839D957008F7F434DA2 /* Calculations.swift in Sources */ = {isa = PBXBuildFile; fileRef = 1F61FF4A377F7943C8B3F294 /* Calculations.swift */; };
		EED9D22C508E494A5D88BE22 /* TutorialView.swift in Sources */ = {isa = PBXBuildFile; fileRef = 8DC8400DD3C88666759D606E /* TutorialView.swift */; };
/* End PBXBuildFile section */

/* Begin PBXFileReference section */
		14D72A54E116EB0DBB027DE8 /* AppState.swift */ = {isa = PBXFileReference; lastKnownFileType = sourcecode.swift; path = AppState.swift; sourceTree = "<group>"; };
		1F61FF4A377F7943C8B3F294 /* Calculations.swift */ = {isa = PBXFileReference; lastKnownFileType = sourcecode.swift; path = Calculations.swift; sourceTree = "<group>"; };
		22F0C4AAF4A439963031D903 /* LogView.swift */ = {isa = PBXFileReference; lastKnownFileType = sourcecode.swift; path = LogView.swift; sourceTree = "<group>"; };
		27412859649A7A8673A20DE7 /* MeterApp.swift */ = {isa = PBXFileReference; lastKnownFileType = sourcecode.swift; path = MeterApp.swift; sourceTree = "<group>"; };
		2B265591EC8C616961E202E3 /* LocationTracker.swift */ = {isa = PBXFileReference; lastKnownFileType = sourcecode.swift; path = LocationTracker.swift; sourceTree = "<group>"; };
		3B94935B2AF95D0C01D28A16 /* SpotsView.swift */ = {isa = PBXFileReference; lastKnownFileType = sourcecode.swift; path = SpotsView.swift; sourceTree = "<group>"; };
		480D1466EE27E0ED9856830F /* ContentView.swift */ = {isa = PBXFileReference; lastKnownFileType = sourcecode.swift; path = ContentView.swift; sourceTree = "<group>"; };
		55E719791DB19EC8F970052F /* bridge.js */ = {isa = PBXFileReference; lastKnownFileType = sourcecode.javascript; path = bridge.js; sourceTree = "<group>"; };
		67287F1B0E3AF78F5DADA94E /* SettingsTabView.swift */ = {isa = PBXFileReference; lastKnownFileType = sourcecode.swift; path = SettingsTabView.swift; sourceTree = "<group>"; };
		70575D455AF60DD7C4697B2C /* Models.swift */ = {isa = PBXFileReference; lastKnownFileType = sourcecode.swift; path = Models.swift; sourceTree = "<group>"; };
		7744BD3B367383BC791FD38A /* Meter.app */ = {isa = PBXFileReference; includeInIndex = 0; lastKnownFileType = wrapper.application; path = Meter.app; sourceTree = BUILT_PRODUCTS_DIR; };
		8DC8400DD3C88666759D606E /* TutorialView.swift */ = {isa = PBXFileReference; lastKnownFileType = sourcecode.swift; path = TutorialView.swift; sourceTree = "<group>"; };
		A65E72176932BC41F4D9511B /* StatsView.swift */ = {isa = PBXFileReference; lastKnownFileType = sourcecode.swift; path = StatsView.swift; sourceTree = "<group>"; };
		AD71B3CFCB55976604B09A98 /* TutorialManager.swift */ = {isa = PBXFileReference; lastKnownFileType = sourcecode.swift; path = TutorialManager.swift; sourceTree = "<group>"; };
		B786D69E23A7BF0A634CFC0F /* DecideView.swift */ = {isa = PBXFileReference; lastKnownFileType = sourcecode.swift; path = DecideView.swift; sourceTree = "<group>"; };
		B8D1B9A13E6642F2E63654C9 /* meter.html */ = {isa = PBXFileReference; lastKnownFileType = text.html; path = meter.html; sourceTree = "<group>"; };
		BB625AD59778273F013D14D8 /* TutorialOverlay.swift */ = {isa = PBXFileReference; lastKnownFileType = sourcecode.swift; path = TutorialOverlay.swift; sourceTree = "<group>"; };
		BFFD93D4794303DE4C12D9C1 /* Theme.swift */ = {isa = PBXFileReference; lastKnownFileType = sourcecode.swift; path = Theme.swift; sourceTree = "<group>"; };
		CCDF5AA38D6F3892B5CE3FD5 /* Components.swift */ = {isa = PBXFileReference; lastKnownFileType = sourcecode.swift; path = Components.swift; sourceTree = "<group>"; };
/* End PBXFileReference section */

/* Begin PBXGroup section */
		5CA370D3D4A534A76ECBBE5C /* Sources */ = {
			isa = PBXGroup;
			children = (
				14D72A54E116EB0DBB027DE8 /* AppState.swift */,
				1F61FF4A377F7943C8B3F294 /* Calculations.swift */,
				CCDF5AA38D6F3892B5CE3FD5 /* Components.swift */,
				480D1466EE27E0ED9856830F /* ContentView.swift */,
				B786D69E23A7BF0A634CFC0F /* DecideView.swift */,
				2B265591EC8C616961E202E3 /* LocationTracker.swift */,
				22F0C4AAF4A439963031D903 /* LogView.swift */,
				27412859649A7A8673A20DE7 /* MeterApp.swift */,
				70575D455AF60DD7C4697B2C /* Models.swift */,
				67287F1B0E3AF78F5DADA94E /* SettingsTabView.swift */,
				3B94935B2AF95D0C01D28A16 /* SpotsView.swift */,
				A65E72176932BC41F4D9511B /* StatsView.swift */,
				BFFD93D4794303DE4C12D9C1 /* Theme.swift */,
				AD71B3CFCB55976604B09A98 /* TutorialManager.swift */,
				BB625AD59778273F013D14D8 /* TutorialOverlay.swift */,
				8DC8400DD3C88666759D606E /* TutorialView.swift */,
			);
			path = Sources;
			sourceTree = "<group>";
		};
		5DE426B40BBFBAA2BE3F7CFB = {
			isa = PBXGroup;
			children = (
				DD110F3CC8DD2D2F4539A6DB /* Resources */,
				5CA370D3D4A534A76ECBBE5C /* Sources */,
				83A507D6AD8458C8F48E8801 /* Products */,
			);
			sourceTree = "<group>";
		};
		83A507D6AD8458C8F48E8801 /* Products */ = {
			isa = PBXGroup;
			children = (
				7744BD3B367383BC791FD38A /* Meter.app */,
			);
			name = Products;
			sourceTree = "<group>";
		};
		DD110F3CC8DD2D2F4539A6DB /* Resources */ = {
			isa = PBXGroup;
			children = (
				55E719791DB19EC8F970052F /* bridge.js */,
				B8D1B9A13E6642F2E63654C9 /* meter.html */,
			);
			path = Resources;
			sourceTree = "<group>";
		};
/* End PBXGroup section */

/* Begin PBXNativeTarget section */
		B624E3103DAA7E302DC2F0CD /* Meter */ = {
			isa = PBXNativeTarget;
			buildConfigurationList = E3E1D293F757B9DAC0981D86 /* Build configuration list for PBXNativeTarget "Meter" */;
			buildPhases = (
				5313AD845D51E5677E3C5DCC /* Sources */,
				B6EC448C85971CC5FD9023BF /* Resources */,
			);
			buildRules = (
			);
			dependencies = (
			);
			name = Meter;
			packageProductDependencies = (
			);
			productName = Meter;
			productReference = 7744BD3B367383BC791FD38A /* Meter.app */;
			productType = "com.apple.product-type.application";
		};
/* End PBXNativeTarget section */

/* Begin PBXProject section */
		F8E7FA2FBF105468280A28EB /* Project object */ = {
			isa = PBXProject;
			attributes = {
				BuildIndependentTargetsInParallel = YES;
				LastUpgradeCheck = 1430;
				TargetAttributes = {
				};
			};
			buildConfigurationList = 60694C2ABCC45452EE712CBD /* Build configuration list for PBXProject "Meter" */;
			developmentRegion = en;
			hasScannedForEncodings = 0;
			knownRegions = (
				Base,
				en,
			);
			mainGroup = 5DE426B40BBFBAA2BE3F7CFB;
			minimizedProjectReferenceProxies = 1;
			preferredProjectObjectVersion = 77;
			productRefGroup = 83A507D6AD8458C8F48E8801 /* Products */;
			projectDirPath = "";
			projectRoot = "";
			targets = (
				B624E3103DAA7E302DC2F0CD /* Meter */,
			);
		};
/* End PBXProject section */

/* Begin PBXResourcesBuildPhase section */
		B6EC448C85971CC5FD9023BF /* Resources */ = {
			isa = PBXResourcesBuildPhase;
			buildActionMask = 2147483647;
			files = (
				0270E495101627F07F38DEFD /* bridge.js in Resources */,
				B5BE2042A97E7E79728FAA4F /* meter.html in Resources */,
			);
			runOnlyForDeploymentPostprocessing = 0;
		};
/* End PBXResourcesBuildPhase section */

/* Begin PBXSourcesBuildPhase section */
		5313AD845D51E5677E3C5DCC /* Sources */ = {
			isa = PBXSourcesBuildPhase;
			buildActionMask = 2147483647;
			files = (
				78C2135CB854562C7540C15B /* AppState.swift in Sources */,
				E5473839D957008F7F434DA2 /* Calculations.swift in Sources */,
				3C7880EF18D619D869A71FB8 /* Components.swift in Sources */,
				1BDB74FCEE5A41AAEFA461B1 /* ContentView.swift in Sources */,
				C37C87CF0E6A14C36C089221 /* DecideView.swift in Sources */,
				6C6B21C52597C3483EB870BE /* LocationTracker.swift in Sources */,
				7AE0FB1E22D2B8B67169153B /* LogView.swift in Sources */,
				8B122D852662BF9EBB159D45 /* MeterApp.swift in Sources */,
				89F82DA08F4C6840AD173535 /* Models.swift in Sources */,
				32A4AE7C16C0F15CB2C7BDCF /* SettingsTabView.swift in Sources */,
				101E62F8F618D797DE7D8A79 /* SpotsView.swift in Sources */,
				1A6425EBA1B51B6757BE037A /* StatsView.swift in Sources */,
				41337B78CB978A48FF231412 /* Theme.swift in Sources */,
				6F24995CF094F31AD51BCF97 /* TutorialManager.swift in Sources */,
				DC86CBA0A194B8D0166554C3 /* TutorialOverlay.swift in Sources */,
				EED9D22C508E494A5D88BE22 /* TutorialView.swift in Sources */,
			);
			runOnlyForDeploymentPostprocessing = 0;
		};
/* End PBXSourcesBuildPhase section */

/* Begin XCBuildConfiguration section */
		470EE7CF3E98BCF9F54ACDD9 /* Debug */ = {
			isa = XCBuildConfiguration;
			buildSettings = {
				ALWAYS_SEARCH_USER_PATHS = NO;
				CLANG_ANALYZER_NONNULL = YES;
				CLANG_ANALYZER_NUMBER_OBJECT_CONVERSION = YES_AGGRESSIVE;
				CLANG_CXX_LANGUAGE_STANDARD = "gnu++14";
				CLANG_CXX_LIBRARY = "libc++";
				CLANG_ENABLE_MODULES = YES;
				CLANG_ENABLE_OBJC_ARC = YES;
				CLANG_ENABLE_OBJC_WEAK = YES;
				CLANG_WARN_BLOCK_CAPTURE_AUTORELEASING = YES;
				CLANG_WARN_BOOL_CONVERSION = YES;
				CLANG_WARN_COMMA = YES;
				CLANG_WARN_CONSTANT_CONVERSION = YES;
				CLANG_WARN_DEPRECATED_OBJC_IMPLEMENTATIONS = YES;
				CLANG_WARN_DIRECT_OBJC_ISA_USAGE = YES_ERROR;
				CLANG_WARN_DOCUMENTATION_COMMENTS = YES;
				CLANG_WARN_EMPTY_BODY = YES;
				CLANG_WARN_ENUM_CONVERSION = YES;
				CLANG_WARN_INFINITE_RECURSION = YES;
				CLANG_WARN_INT_CONVERSION = YES;
				CLANG_WARN_NON_LITERAL_NULL_CONVERSION = YES;
				CLANG_WARN_OBJC_IMPLICIT_RETAIN_SELF = YES;
				CLANG_WARN_OBJC_LITERAL_CONVERSION = YES;
				CLANG_WARN_OBJC_ROOT_CLASS = YES_ERROR;
				CLANG_WARN_QUOTED_INCLUDE_IN_FRAMEWORK_HEADER = YES;
				CLANG_WARN_RANGE_LOOP_ANALYSIS = YES;
				CLANG_WARN_STRICT_PROTOTYPES = YES;
				CLANG_WARN_SUSPICIOUS_MOVE = YES;
				CLANG_WARN_UNGUARDED_AVAILABILITY = YES_AGGRESSIVE;
				CLANG_WARN_UNREACHABLE_CODE = YES;
				CLANG_WARN__DUPLICATE_METHOD_MATCH = YES;
				COPY_PHASE_STRIP = NO;
				DEBUG_INFORMATION_FORMAT = dwarf;
				ENABLE_STRICT_OBJC_MSGSEND = YES;
				ENABLE_TESTABILITY = YES;
				GCC_C_LANGUAGE_STANDARD = gnu11;
				GCC_DYNAMIC_NO_PIC = NO;
				GCC_NO_COMMON_BLOCKS = YES;
				GCC_OPTIMIZATION_LEVEL = 0;
				GCC_PREPROCESSOR_DEFINITIONS = (
					"$(inherited)",
					"DEBUG=1",
				);
				GCC_WARN_64_TO_32_BIT_CONVERSION = YES;
				GCC_WARN_ABOUT_RETURN_TYPE = YES_ERROR;
				GCC_WARN_UNDECLARED_SELECTOR = YES;
				GCC_WARN_UNINITIALIZED_AUTOS = YES_AGGRESSIVE;
				GCC_WARN_UNUSED_FUNCTION = YES;
				GCC_WARN_UNUSED_VARIABLE = YES;
				IPHONEOS_DEPLOYMENT_TARGET = 16.0;
				MTL_ENABLE_DEBUG_INFO = INCLUDE_SOURCE;
				MTL_FAST_MATH = YES;
				ONLY_ACTIVE_ARCH = YES;
				PRODUCT_NAME = "$(TARGET_NAME)";
				SDKROOT = iphoneos;
				SWIFT_ACTIVE_COMPILATION_CONDITIONS = DEBUG;
				SWIFT_OPTIMIZATION_LEVEL = "-Onone";
				SWIFT_VERSION = 5.0;
			};
			name = Debug;
		};
		523E6963116653086FED9B2B /* Debug */ = {
			isa = XCBuildConfiguration;
			buildSettings = {
				ASSETCATALOG_COMPILER_APPICON_NAME = AppIcon;
				CODE_SIGN_IDENTITY = "iPhone Developer";
				CURRENT_PROJECT_VERSION = 6;
				GENERATE_INFOPLIST_FILE = NO;
				INFOPLIST_FILE = Info.plist;
				LD_RUNPATH_SEARCH_PATHS = (
					"$(inherited)",
					"@executable_path/Frameworks",
				);
				MARKETING_VERSION = 2.5.0;
				PRODUCT_BUNDLE_IDENTIFIER = com.darius.Meter;
				SDKROOT = iphoneos;
				SWIFT_VERSION = 5.9;
				TARGETED_DEVICE_FAMILY = 1;
			};
			name = Debug;
		};
		C23C6350B57BA4D29D880659 /* Release */ = {
			isa = XCBuildConfiguration;
			buildSettings = {
				ALWAYS_SEARCH_USER_PATHS = NO;
				CLANG_ANALYZER_NONNULL = YES;
				CLANG_ANALYZER_NUMBER_OBJECT_CONVERSION = YES_AGGRESSIVE;
				CLANG_CXX_LANGUAGE_STANDARD = "gnu++14";
				CLANG_CXX_LIBRARY = "libc++";
				CLANG_ENABLE_MODULES = YES;
				CLANG_ENABLE_OBJC_ARC = YES;
				CLANG_ENABLE_OBJC_WEAK = YES;
				CLANG_WARN_BLOCK_CAPTURE_AUTORELEASING = YES;
				CLANG_WARN_BOOL_CONVERSION = YES;
				CLANG_WARN_COMMA = YES;
				CLANG_WARN_CONSTANT_CONVERSION = YES;
				CLANG_WARN_DEPRECATED_OBJC_IMPLEMENTATIONS = YES;
				CLANG_WARN_DIRECT_OBJC_ISA_USAGE = YES_ERROR;
				CLANG_WARN_DOCUMENTATION_COMMENTS = YES;
				CLANG_WARN_EMPTY_BODY = YES;
				CLANG_WARN_ENUM_CONVERSION = YES;
				CLANG_WARN_INFINITE_RECURSION = YES;
				CLANG_WARN_INT_CONVERSION = YES;
				CLANG_WARN_NON_LITERAL_NULL_CONVERSION = YES;
				CLANG_WARN_OBJC_IMPLICIT_RETAIN_SELF = YES;
				CLANG_WARN_OBJC_LITERAL_CONVERSION = YES;
				CLANG_WARN_OBJC_ROOT_CLASS = YES_ERROR;
				CLANG_WARN_QUOTED_INCLUDE_IN_FRAMEWORK_HEADER = YES;
				CLANG_WARN_RANGE_LOOP_ANALYSIS = YES;
				CLANG_WARN_STRICT_PROTOTYPES = YES;
				CLANG_WARN_SUSPICIOUS_MOVE = YES;
				CLANG_WARN_UNGUARDED_AVAILABILITY = YES_AGGRESSIVE;
				CLANG_WARN_UNREACHABLE_CODE = YES;
				CLANG_WARN__DUPLICATE_METHOD_MATCH = YES;
				COPY_PHASE_STRIP = NO;
				DEBUG_INFORMATION_FORMAT = "dwarf-with-dsym";
				ENABLE_NS_ASSERTIONS = NO;
				ENABLE_STRICT_OBJC_MSGSEND = YES;
				GCC_C_LANGUAGE_STANDARD = gnu11;
				GCC_NO_COMMON_BLOCKS = YES;
				GCC_WARN_64_TO_32_BIT_CONVERSION = YES;
				GCC_WARN_ABOUT_RETURN_TYPE = YES_ERROR;
				GCC_WARN_UNDECLARED_SELECTOR = YES;
				GCC_WARN_UNINITIALIZED_AUTOS = YES_AGGRESSIVE;
				GCC_WARN_UNUSED_FUNCTION = YES;
				GCC_WARN_UNUSED_VARIABLE = YES;
				IPHONEOS_DEPLOYMENT_TARGET = 16.0;
				MTL_ENABLE_DEBUG_INFO = NO;
				MTL_FAST_MATH = YES;
				PRODUCT_NAME = "$(TARGET_NAME)";
				SDKROOT = iphoneos;
				SWIFT_COMPILATION_MODE = wholemodule;
				SWIFT_OPTIMIZATION_LEVEL = "-O";
				SWIFT_VERSION = 5.0;
			};
			name = Release;
		};
		D80D1A2EF84823E5EEC0ADE9 /* Release */ = {
			isa = XCBuildConfiguration;
			buildSettings = {
				ASSETCATALOG_COMPILER_APPICON_NAME = AppIcon;
				CODE_SIGN_IDENTITY = "iPhone Developer";
				CURRENT_PROJECT_VERSION = 6;
				GENERATE_INFOPLIST_FILE = NO;
				INFOPLIST_FILE = Info.plist;
				LD_RUNPATH_SEARCH_PATHS = (
					"$(inherited)",
					"@executable_path/Frameworks",
				);
				MARKETING_VERSION = 2.5.0;
				PRODUCT_BUNDLE_IDENTIFIER = com.darius.Meter;
				SDKROOT = iphoneos;
				SWIFT_VERSION = 5.9;
				TARGETED_DEVICE_FAMILY = 1;
			};
			name = Release;
		};
/* End XCBuildConfiguration section */

/* Begin XCConfigurationList section */
		60694C2ABCC45452EE712CBD /* Build configuration list for PBXProject "Meter" */ = {
			isa = XCConfigurationList;
			buildConfigurations = (
				470EE7CF3E98BCF9F54ACDD9 /* Debug */,
				C23C6350B57BA4D29D880659 /* Release */,
			);
			defaultConfigurationIsVisible = 0;
			defaultConfigurationName = Debug;
		};
		E3E1D293F757B9DAC0981D86 /* Build configuration list for PBXNativeTarget "Meter" */ = {
			isa = XCConfigurationList;
			buildConfigurations = (
				523E6963116653086FED9B2B /* Debug */,
				D80D1A2EF84823E5EEC0ADE9 /* Release */,
			);
			defaultConfigurationIsVisible = 0;
			defaultConfigurationName = Debug;
		};
/* End XCConfigurationList section */
	};
	rootObject = F8E7FA2FBF105468280A28EB /* Project object */;
}
